
Microsoft Visual Studio Solution File, Format Version 12.00
# Visual Studio 14
VisualStudioVersion = 14.0.25420.1
MinimumVisualStudioVersion = 10.0.40219.1
Project("{8BC9CEB8-8B4A-11D0-8D11-00A0C91BC942}") = "CVUI", "CVUI\CVUI.vcxproj", "{C0E90B1C-C445-467E-84E7-2075172580F1}"
	ProjectSection(ProjectDependencies) = postProject
		{A2C32E01-9FE5-4E61-A554-37E62C51CDB6} = {A2C32E01-9FE5-4E61-A554-37E62C51CDB6}
		{D72A9404-9598-4B82-9ABA-7E041B06505A} = {D72A9404-9598-4B82-9ABA-7E041B06505A}
	EndProjectSection
EndProject
Project("{8BC9CEB8-8B4A-11D0-8D11-00A0C91BC942}") = "AlgColle", "AlgColle\AlgColle.vcxproj", "{D72A9404-9598-4B82-9ABA-7E041B06505A}"
	ProjectSection(ProjectDependencies) = postProject
		{A2C32E01-9FE5-4E61-A554-37E62C51CDB6} = {A2C32E01-9FE5-4E61-A554-37E62C51CDB6}
	EndProjectSection
EndProject
Project("{8BC9CEB8-8B4A-11D0-8D11-00A0C91BC942}") = "DataColle", "DataColle\DataColle.vcxproj", "{A2C32E01-9FE5-4E61-A554-37E62C51CDB6}"
EndProject
Project("{8BC9CEB8-8B4A-11D0-8D11-00A0C91BC942}") = "CVTestTools", "CVTestTools\CVTestTools.vcxproj", "{9276B89D-4F92-454F-8C4E-A9624355F78C}"
EndProject
Project("{8BC9CEB8-8B4A-11D0-8D11-00A0C91BC942}") = "MainPrj3D", "MainPrj3D\MainPrj3D.vcxproj", "{ADAEA5E1-CC01-4B34-BF60-14EFEB04B079}"
	ProjectSection(ProjectDependencies) = postProject
		{3515AB03-7B1B-45C3-A6C8-61D84884A18B} = {3515AB03-7B1B-45C3-A6C8-61D84884A18B}
		{E6682B52-9594-42A4-8A7C-30EB83ADAB63} = {E6682B52-9594-42A4-8A7C-30EB83ADAB63}
	EndProjectSection
EndProject
Project("{8BC9CEB8-8B4A-11D0-8D11-00A0C91BC942}") = "Triangulation3", "Triangulation3\Triangulation3.vcxproj", "{E6682B52-9594-42A4-8A7C-30EB83ADAB63}"
EndProject
Project("{8BC9CEB8-8B4A-11D0-8D11-00A0C91BC942}") = "LpCVT", "LpCVT\LpCVT.vcxproj", "{3515AB03-7B1B-45C3-A6C8-61D84884A18B}"
EndProject
Global
	GlobalSection(SolutionConfigurationPlatforms) = preSolution
		Debug|x64 = Debug|x64
		Debug|x86 = Debug|x86
		Release|x64 = Release|x64
		Release|x86 = Release|x86
	EndGlobalSection
	GlobalSection(ProjectConfigurationPlatforms) = postSolution
		{C0E90B1C-C445-467E-84E7-2075172580F1}.Debug|x64.ActiveCfg = Debug|x64
		{C0E90B1C-C445-467E-84E7-2075172580F1}.Debug|x64.Build.0 = Debug|x64
		{C0E90B1C-C445-467E-84E7-2075172580F1}.Debug|x86.ActiveCfg = Debug|Win32
		{C0E90B1C-C445-467E-84E7-2075172580F1}.Debug|x86.Build.0 = Debug|Win32
		{C0E90B1C-C445-467E-84E7-2075172580F1}.Release|x64.ActiveCfg = Release|x64
		{C0E90B1C-C445-467E-84E7-2075172580F1}.Release|x64.Build.0 = Release|x64
		{C0E90B1C-C445-467E-84E7-2075172580F1}.Release|x86.ActiveCfg = Release|Win32
		{C0E90B1C-C445-467E-84E7-2075172580F1}.Release|x86.Build.0 = Release|Win32
		{D72A9404-9598-4B82-9ABA-7E041B06505A}.Debug|x64.ActiveCfg = Debug|x64
		{D72A9404-9598-4B82-9ABA-7E041B06505A}.Debug|x64.Build.0 = Debug|x64
		{D72A9404-9598-4B82-9ABA-7E041B06505A}.Debug|x86.ActiveCfg = Debug|Win32
		{D72A9404-9598-4B82-9ABA-7E041B06505A}.Debug|x86.Build.0 = Debug|Win32
		{D72A9404-9598-4B82-9ABA-7E041B06505A}.Release|x64.ActiveCfg = Release|x64
		{D72A9404-9598-4B82-9ABA-7E041B06505A}.Release|x64.Build.0 = Release|x64
		{D72A9404-9598-4B82-9ABA-7E041B06505A}.Release|x86.ActiveCfg = Release|Win32
		{D72A9404-9598-4B82-9ABA-7E041B06505A}.Release|x86.Build.0 = Release|Win32
		{A2C32E01-9FE5-4E61-A554-37E62C51CDB6}.Debug|x64.ActiveCfg = Debug|x64
		{A2C32E01-9FE5-4E61-A554-37E62C51CDB6}.Debug|x64.Build.0 = Debug|x64
		{A2C32E01-9FE5-4E61-A554-37E62C51CDB6}.Debug|x86.ActiveCfg = Debug|Win32
		{A2C32E01-9FE5-4E61-A554-37E62C51CDB6}.Debug|x86.Build.0 = Debug|Win32
		{A2C32E01-9FE5-4E61-A554-37E62C51CDB6}.Release|x64.ActiveCfg = Release|x64
		{A2C32E01-9FE5-4E61-A554-37E62C51CDB6}.Release|x64.Build.0 = Release|x64
		{A2C32E01-9FE5-4E61-A554-37E62C51CDB6}.Release|x86.ActiveCfg = Release|Win32
		{A2C32E01-9FE5-4E61-A554-37E62C51CDB6}.Release|x86.Build.0 = Release|Win32
		{9276B89D-4F92-454F-8C4E-A9624355F78C}.Debug|x64.ActiveCfg = Debug|x64
		{9276B89D-4F92-454F-8C4E-A9624355F78C}.Debug|x64.Build.0 = Debug|x64
		{9276B89D-4F92-454F-8C4E-A9624355F78C}.Debug|x86.ActiveCfg = Debug|Win32
		{9276B89D-4F92-454F-8C4E-A9624355F78C}.Debug|x86.Build.0 = Debug|Win32
		{9276B89D-4F92-454F-8C4E-A9624355F78C}.Release|x64.ActiveCfg = Release|x64
		{9276B89D-4F92-454F-8C4E-A9624355F78C}.Release|x64.Build.0 = Release|x64
		{9276B89D-4F92-454F-8C4E-A9624355F78C}.Release|x86.ActiveCfg = Release|Win32
		{9276B89D-4F92-454F-8C4E-A9624355F78C}.Release|x86.Build.0 = Release|Win32
		{ADAEA5E1-CC01-4B34-BF60-14EFEB04B079}.Debug|x64.ActiveCfg = Debug|x64
		{ADAEA5E1-CC01-4B34-BF60-14EFEB04B079}.Debug|x64.Build.0 = Debug|x64
		{ADAEA5E1-CC01-4B34-BF60-14EFEB04B079}.Debug|x86.ActiveCfg = Debug|Win32
		{ADAEA5E1-CC01-4B34-BF60-14EFEB04B079}.Debug|x86.Build.0 = Debug|Win32
		{ADAEA5E1-CC01-4B34-BF60-14EFEB04B079}.Release|x64.ActiveCfg = Release|x64
		{ADAEA5E1-CC01-4B34-BF60-14EFEB04B079}.Release|x64.Build.0 = Release|x64
		{ADAEA5E1-CC01-4B34-BF60-14EFEB04B079}.Release|x86.ActiveCfg = Release|Win32
		{ADAEA5E1-CC01-4B34-BF60-14EFEB04B079}.Release|x86.Build.0 = Release|Win32
		{E6682B52-9594-42A4-8A7C-30EB83ADAB63}.Debug|x64.ActiveCfg = Debug|x64
		{E6682B52-9594-42A4-8A7C-30EB83ADAB63}.Debug|x64.Build.0 = Debug|x64
		{E6682B52-9594-42A4-8A7C-30EB83ADAB63}.Debug|x86.ActiveCfg = Debug|Win32
		{E6682B52-9594-42A4-8A7C-30EB83ADAB63}.Debug|x86.Build.0 = Debug|Win32
		{E6682B52-9594-42A4-8A7C-30EB83ADAB63}.Release|x64.ActiveCfg = Release|x64
		{E6682B52-9594-42A4-8A7C-30EB83ADAB63}.Release|x64.Build.0 = Release|x64
		{E6682B52-9594-42A4-8A7C-30EB83ADAB63}.Release|x86.ActiveCfg = Release|Win32
		{E6682B52-9594-42A4-8A7C-30EB83ADAB63}.Release|x86.Build.0 = Release|Win32
		{3515AB03-7B1B-45C3-A6C8-61D84884A18B}.Debug|x64.ActiveCfg = Debug|x64
		{3515AB03-7B1B-45C3-A6C8-61D84884A18B}.Debug|x64.Build.0 = Debug|x64
		{3515AB03-7B1B-45C3-A6C8-61D84884A18B}.Debug|x86.ActiveCfg = Debug|Win32
		{3515AB03-7B1B-45C3-A6C8-61D84884A18B}.Debug|x86.Build.0 = Debug|Win32
		{3515AB03-7B1B-45C3-A6C8-61D84884A18B}.Release|x64.ActiveCfg = Release|x64
		{3515AB03-7B1B-45C3-A6C8-61D84884A18B}.Release|x64.Build.0 = Release|x64
		{3515AB03-7B1B-45C3-A6C8-61D84884A18B}.Release|x86.ActiveCfg = Release|Win32
		{3515AB03-7B1B-45C3-A6C8-61D84884A18B}.Release|x86.Build.0 = Release|Win32
	EndGlobalSection
	GlobalSection(SolutionProperties) = preSolution
		HideSolutionNode = FALSE
	EndGlobalSection
EndGlobal
